// !$*UTF8*$!
{
	archiveVersion = 1;
	classes = {
	};
	objectVersion = 50;
	objects = {

/* Begin PBXBuildFile section */
		C6E65A49250930EC0084B095 /* AppDelegate.swift in Sources */ = {isa = PBXBuildFile; fileRef = C6E65A48250930EC0084B095 /* AppDelegate.swift */; };
		C6E65A4B250930EC0084B095 /* SceneDelegate.swift in Sources */ = {isa = PBXBuildFile; fileRef = C6E65A4A250930EC0084B095 /* SceneDelegate.swift */; };
		C6E65A4E250930EC0084B095 /* VideoRecordingSwiftUI.xcdatamodeld in Sources */ = {isa = PBXBuildFile; fileRef = C6E65A4C250930EC0084B095 /* VideoRecordingSwiftUI.xcdatamodeld */; };
		C6E65A50250930EC0084B095 /* ContentView.swift in Sources */ = {isa = PBXBuildFile; fileRef = C6E65A4F250930EC0084B095 /* ContentView.swift */; };
		C6E65A52250930EE0084B095 /* Assets.xcassets in Resources */ = {isa = PBXBuildFile; fileRef = C6E65A51250930EE0084B095 /* Assets.xcassets */; };
		C6E65A55250930EE0084B095 /* Preview Assets.xcassets in Resources */ = {isa = PBXBuildFile; fileRef = C6E65A54250930EE0084B095 /* Preview Assets.xcassets */; };
		C6E65A58250930EE0084B095 /* LaunchScreen.storyboard in Resources */ = {isa = PBXBuildFile; fileRef = C6E65A56250930EE0084B095 /* LaunchScreen.storyboard */; };
/* End PBXBuildFile section */

/* Begin PBXFileReference section */
		C6E65A45250930EC0084B095 /* VideoRecordingSwiftUI.app */ = {isa = PBXFileReference; explicitFileType = wrapper.application; includeInIndex = 0; path = VideoRecordingSwiftUI.app; sourceTree = BUILT_PRODUCTS_DIR; };
		C6E65A48250930EC0084B095 /* AppDelegate.swift */ = {isa = PBXFileReference; lastKnownFileType = sourcecode.swift; path = AppDelegate.swift; sourceTree = "<group>"; };
		C6E65A4A250930EC0084B095 /* SceneDelegate.swift */ = {isa = PBXFileReference; lastKnownFileType = sourcecode.swift; path = SceneDelegate.swift; sourceTree = "<group>"; };
		C6E65A4D250930EC0084B095 /* VideoRecordingSwiftUI.xcdatamodel */ = {isa = PBXFileReference; lastKnownFileType = wrapper.xcdatamodel; path = VideoRecordingSwiftUI.xcdatamodel; sourceTree = "<group>"; };
		C6E65A4F250930EC0084B095 /* ContentView.swift */ = {isa = PBXFileReference; lastKnownFileType = sourcecode.swift; path = ContentView.swift; sourceTree = "<group>"; };
		C6E65A51250930EE0084B095 /* Assets.xcassets */ = {isa = PBXFileReference; lastKnownFileType = folder.assetcatalog; path = Assets.xcassets; sourceTree = "<group>"; };
		C6E65A54250930EE0084B095 /* Preview Assets.xcassets */ = {isa = PBXFileReference; lastKnownFileType = folder.assetcatalog; path = "Preview Assets.xcassets"; sourceTree = "<group>"; };
		C6E65A57250930EE0084B095 /* Base */ = {isa = PBXFileReference; lastKnownFileType = file.storyboard; name = Base; path = Base.lproj/LaunchScreen.storyboard; sourceTree = "<group>"; };
		C6E65A59250930EE0084B095 /* Info.plist */ = {isa = PBXFileReference; lastKnownFileType = text.plist.xml; path = Info.plist; sourceTree = "<group>"; };
/* End PBXFileReference section */

/* Begin PBXFrameworksBuildPhase section */
		C6E65A42250930EC0084B095 /* Frameworks */ = {
			isa = PBXFrameworksBuildPhase;
			buildActionMask = 2147483647;
			files = (
			);
			runOnlyForDeploymentPostprocessing = 0;
		};
/* End PBXFrameworksBuildPhase section */

/* Begin PBXGroup section */
		C6E65A3C250930EC0084B095 = {
			isa = PBXGroup;
			children = (
				C6E65A47250930EC0084B095 /* VideoRecordingSwiftUI */,
				C6E65A46250930EC0084B095 /* Products */,
			);
			sourceTree = "<group>";
		};
		C6E65A46250930EC0084B095 /* Products */ = {
			isa = PBXGroup;
			children = (
				C6E65A45250930EC0084B095 /* VideoRecordingSwiftUI.app */,
			);
			name = Products;
			sourceTree = "<group>";
		};
		C6E65A47250930EC0084B095 /* VideoRecordingSwiftUI */ = {
			isa = PBXGroup;
			children = (
				C6E65A48250930EC0084B095 /* AppDelegate.swift */,
				C6E65A4A250930EC0084B095 /* SceneDelegate.swift */,
				C6E65A4F250930EC0084B095 /* ContentView.swift */,
				C6E65A51250930EE0084B095 /* Assets.xcassets */,
				C6E65A56250930EE0084B095 /* LaunchScreen.storyboard */,
				C6E65A59250930EE0084B095 /* Info.plist */,
				C6E65A4C250930EC0084B095 /* VideoRecordingSwiftUI.xcdatamodeld */,
				C6E65A53250930EE0084B095 /* Preview Content */,
			);
			path = VideoRecordingSwiftUI;
			sourceTree = "<group>";
		};
		C6E65A53250930EE0084B095 /* Preview Content */ = {
			isa = PBXGroup;
			children = (
				C6E65A54250930EE0084B095 /* Preview Assets.xcassets */,
			);
			path = "Preview Content";
			sourceTree = "<group>";
		};
/* End PBXGroup section */

/* Begin PBXNativeTarget section */
		C6E65A44250930EC0084B095 /* VideoRecordingSwiftUI */ = {
			isa = PBXNativeTarget;
			buildConfigurationList = C6E65A5C250930EE0084B095 /* Build configuration list for PBXNativeTarget "VideoRecordingSwiftUI" */;
			buildPhases = (
				C6E65A41250930EC0084B095 /* Sources */,
				C6E65A42250930EC0084B095 /* Frameworks */,
				C6E65A43250930EC0084B095 /* Resources */,
			);
			buildRules = (
			);
			dependencies = (
			);
			name = VideoRecordingSwiftUI;
			productName = VideoRecordingSwiftUI;
			productReference = C6E65A45250930EC0084B095 /* VideoRecordingSwiftUI.app */;
			productType = "com.apple.product-type.application";
		};
/* End PBXNativeTarget section */

/* Begin PBXProject section */
		C6E65A3D250930EC0084B095 /* Project object */ = {
			isa = PBXProject;
			attributes = {
				LastSwiftUpdateCheck = 1170;
				LastUpgradeCheck = 1170;
				ORGANIZATIONNAME = "Arie May Wibowo";
				TargetAttributes = {
					C6E65A44250930EC0084B095 = {
						CreatedOnToolsVersion = 11.7;
					};
				};
			};
			buildConfigurationList = C6E65A40250930EC0084B095 /* Build configuration list for PBXProject "VideoRecordingSwiftUI" */;
			compatibilityVersion = "Xcode 9.3";
			developmentRegion = en;
			hasScannedForEncodings = 0;
			knownRegions = (
				en,
				Base,
			);
			mainGroup = C6E65A3C250930EC0084B095;
			productRefGroup = C6E65A46250930EC0084B095 /* Products */;
			projectDirPath = "";
			projectRoot = "";
			targets = (
				C6E65A44250930EC0084B095 /* VideoRecordingSwiftUI */,
			);
		};
/* End PBXProject section */

/* Begin PBXResourcesBuildPhase section */
		C6E65A43250930EC0084B095 /* Resources */ = {
			isa = PBXResourcesBuildPhase;
			buildActionMask = 2147483647;
			files = (
				C6E65A58250930EE0084B095 /* LaunchScreen.storyboard in Resources */,
				C6E65A55250930EE0084B095 /* Preview Assets.xcassets in Resources */,
				C6E65A52250930EE0084B095 /* Assets.xcassets in Resources */,
			);
			runOnlyForDeploymentPostprocessing = 0;
		};
/* End PBXResourcesBuildPhase section */

/* Begin PBXSourcesBuildPhase section */
		C6E65A41250930EC0084B095 /* Sources */ = {
			isa = PBXSourcesBuildPhase;
			buildActionMask = 2147483647;
			files = (
				C6E65A4E250930EC0084B095 /* VideoRecordingSwiftUI.xcdatamodeld in Sources */,
				C6E65A49250930EC0084B095 /* AppDelegate.swift in Sources */,
				C6E65A50250930EC0084B095 /* ContentView.swift in Sources */,
				C6E65A4B250930EC0084B095 /* SceneDelegate.swift in Sources */,
			);
			runOnlyForDeploymentPostprocessing = 0;
		};
/* End PBXSourcesBuildPhase section */

/* Begin PBXVariantGroup section */
		C6E65A56250930EE0084B095 /* LaunchScreen.storyboard */ = {
			isa = PBXVariantGroup;
			children = (
				C6E65A57250930EE0084B095 /* Base */,
			);
			name = LaunchScreen.storyboard;
			sourceTree = "<group>";
		};
/* End PBXVariantGroup section */

/* Begin XCBuildConfiguration section */
		C6E65A5A250930EE0084B095 /* Debug */ = {
			isa = XCBuildConfiguration;
			buildSettings = {
				ALWAYS_SEARCH_USER_PATHS = NO;
				CLANG_ANALYZER_NONNULL = YES;
				CLANG_ANALYZER_NUMBER_OBJECT_CONVERSION = YES_AGGRESSIVE;
				CLANG_CXX_LANGUAGE_STANDARD = "gnu++14";
				CLANG_CXX_LIBRARY = "libc++";
				CLANG_ENABLE_MODULES = YES;
				CLANG_ENABLE_OBJC_ARC = YES;
				CLANG_ENABLE_OBJC_WEAK = YES;
				CLANG_WARN_BLOCK_CAPTURE_AUTORELEASING = YES;
				CLANG_WARN_BOOL_CONVERSION = YES;
				CLANG_WARN_COMMA = YES;
				CLANG_WARN_CONSTANT_CONVERSION = YES;
				CLANG_WARN_DEPRECATED_OBJC_IMPLEMENTATIONS = YES;
				CLANG_WARN_DIRECT_OBJC_ISA_USAGE = YES_ERROR;
				CLANG_WARN_DOCUMENTATION_COMMENTS = YES;
				CLANG_WARN_EMPTY_BODY = YES;
				CLANG_WARN_ENUM_CONVERSION = YES;
				CLANG_WARN_INFINITE_RECURSION = YES;
				CLANG_WARN_INT_CONVERSION = YES;
				CLANG_WARN_NON_LITERAL_NULL_CONVERSION = YES;
				CLANG_WARN_OBJC_IMPLICIT_RETAIN_SELF = YES;
				CLANG_WARN_OBJC_LITERAL_CONVERSION = YES;
				CLANG_WARN_OBJC_ROOT_CLASS = YES_ERROR;
				CLANG_WARN_RANGE_LOOP_ANALYSIS = YES;
				CLANG_WARN_STRICT_PROTOTYPES = YES;
				CLANG_WARN_SUSPICIOUS_MOVE = YES;
				CLANG_WARN_UNGUARDED_AVAILABILITY = YES_AGGRESSIVE;
				CLANG_WARN_UNREACHABLE_CODE = YES;
				CLANG_WARN__DUPLICATE_METHOD_MATCH = YES;
				COPY_PHASE_STRIP = NO;
				DEBUG_INFORMATION_FORMAT = dwarf;
				ENABLE_STRICT_OBJC_MSGSEND = YES;
				ENABLE_TESTABILITY = YES;
				GCC_C_LANGUAGE_STANDARD = gnu11;
				GCC_DYNAMIC_NO_PIC = NO;
				GCC_NO_COMMON_BLOCKS = YES;
				GCC_OPTIMIZATION_LEVEL = 0;
				GCC_PREPROCESSOR_DEFINITIONS = (
					"DEBUG=1",
					"$(inherited)",
				);
				GCC_WARN_64_TO_32_BIT_CONVERSION = YES;
				GCC_WARN_ABOUT_RETURN_TYPE = YES_ERROR;
				GCC_WARN_UNDECLARED_SELECTOR = YES;
				GCC_WARN_UNINITIALIZED_AUTOS = YES_AGGRESSIVE;
				GCC_WARN_UNUSED_FUNCTION = YES;
				GCC_WARN_UNUSED_VARIABLE = YES;
				IPHONEOS_DEPLOYMENT_TARGET = 13.7;
				MTL_ENABLE_DEBUG_INFO = INCLUDE_SOURCE;
				MTL_FAST_MATH = YES;
				ONLY_ACTIVE_ARCH = YES;
				SDKROOT = iphoneos;
				SWIFT_ACTIVE_COMPILATION_CONDITIONS = DEBUG;
				SWIFT_OPTIMIZATION_LEVEL = "-Onone";
			};
			name = Debug;
		};
		C6E65A5B250930EE0084B095 /* Release */ = {
			isa = XCBuildConfiguration;
			buildSettings = {
				ALWAYS_SEARCH_USER_PATHS = NO;
				CLANG_ANALYZER_NONNULL = YES;
				CLANG_ANALYZER_NUMBER_OBJECT_CONVERSION = YES_AGGRESSIVE;
				CLANG_CXX_LANGUAGE_STANDARD = "gnu++14";
				CLANG_CXX_LIBRARY = "libc++";
				CLANG_ENABLE_MODULES = YES;
				CLANG_ENABLE_OBJC_ARC = YES;
				CLANG_ENABLE_OBJC_WEAK = YES;
				CLANG_WARN_BLOCK_CAPTURE_AUTORELEASING = YES;
				CLANG_WARN_BOOL_CONVERSION = YES;
				CLANG_WARN_COMMA = YES;
				CLANG_WARN_CONSTANT_CONVERSION = YES;
				CLANG_WARN_DEPRECATED_OBJC_IMPLEMENTATIONS = YES;
				CLANG_WARN_DIRECT_OBJC_ISA_USAGE = YES_ERROR;
				CLANG_WARN_DOCUMENTATION_COMMENTS = YES;
				CLANG_WARN_EMPTY_BODY = YES;
				CLANG_WARN_ENUM_CONVERSION = YES;
				CLANG_WARN_INFINITE_RECURSION = YES;
				CLANG_WARN_INT_CONVERSION = YES;
				CLANG_WARN_NON_LITERAL_NULL_CONVERSION = YES;
				CLANG_WARN_OBJC_IMPLICIT_RETAIN_SELF = YES;
				CLANG_WARN_OBJC_LITERAL_CONVERSION = YES;
				CLANG_WARN_OBJC_ROOT_CLASS = YES_ERROR;
				CLANG_WARN_RANGE_LOOP_ANALYSIS = YES;
				CLANG_WARN_STRICT_PROTOTYPES = YES;
				CLANG_WARN_SUSPICIOUS_MOVE = YES;
				CLANG_WARN_UNGUARDED_AVAILABILITY = YES_AGGRESSIVE;
				CLANG_WARN_UNREACHABLE_CODE = YES;
				CLANG_WARN__DUPLICATE_METHOD_MATCH = YES;
				COPY_PHASE_STRIP = NO;
				DEBUG_INFORMATION_FORMAT = "dwarf-with-dsym";
				ENABLE_NS_ASSERTIONS = NO;
				ENABLE_STRICT_OBJC_MSGSEND = YES;
				GCC_C_LANGUAGE_STANDARD = gnu11;
				GCC_NO_COMMON_BLOCKS = YES;
				GCC_WARN_64_TO_32_BIT_CONVERSION = YES;
				GCC_WARN_ABOUT_RETURN_TYPE = YES_ERROR;
				GCC_WARN_UNDECLARED_SELECTOR = YES;
				GCC_WARN_UNINITIALIZED_AUTOS = YES_AGGRESSIVE;
				GCC_WARN_UNUSED_FUNCTION = YES;
				GCC_WARN_UNUSED_VARIABLE = YES;
				IPHONEOS_DEPLOYMENT_TARGET = 13.7;
				MTL_ENABLE_DEBUG_INFO = NO;
				MTL_FAST_MATH = YES;
				SDKROOT = iphoneos;
				SWIFT_COMPILATION_MODE = wholemodule;
				SWIFT_OPTIMIZATION_LEVEL = "-O";
				VALIDATE_PRODUCT = YES;
			};
			name = Release;
		};
		C6E65A5D250930EE0084B095 /* Debug */ = {
			isa = XCBuildConfiguration;
			buildSettings = {
				ASSETCATALOG_COMPILER_APPICON_NAME = AppIcon;
				CODE_SIGN_STYLE = Automatic;
				DEVELOPMENT_ASSET_PATHS = "\"VideoRecordingSwiftUI/Preview Content\"";
				DEVELOPMENT_TEAM = 7QAVKC3WGP;
				ENABLE_PREVIEWS = YES;
				INFOPLIST_FILE = VideoRecordingSwiftUI/Info.plist;
				LD_RUNPATH_SEARCH_PATHS = (
					"$(inherited)",
					"@executable_path/Frameworks",
				);
				PRODUCT_BUNDLE_IDENTIFIER = com.ariemay.VideoRecordingSwiftUI;
				PRODUCT_NAME = "$(TARGET_NAME)";
				SWIFT_VERSION = 5.0;
				TARGETED_DEVICE_FAMILY = "1,2";
			};
			name = Debug;
		};
		C6E65A5E250930EE0084B095 /* Release */ = {
			isa = XCBuildConfiguration;
			buildSettings = {
				ASSETCATALOG_COMPILER_APPICON_NAME = AppIcon;
				CODE_SIGN_STYLE = Automatic;
				DEVELOPMENT_ASSET_PATHS = "\"VideoRecordingSwiftUI/Preview Content\"";
				DEVELOPMENT_TEAM = 7QAVKC3WGP;
				ENABLE_PREVIEWS = YES;
				INFOPLIST_FILE = VideoRecordingSwiftUI/Info.plist;
				LD_RUNPATH_SEARCH_PATHS = (
					"$(inherited)",
					"@executable_path/Frameworks",
				);
				PRODUCT_BUNDLE_IDENTIFIER = com.ariemay.VideoRecordingSwiftUI;
				PRODUCT_NAME = "$(TARGET_NAME)";
				SWIFT_VERSION = 5.0;
				TARGETED_DEVICE_FAMILY = "1,2";
			};
			name = Release;
		};
/* End XCBuildConfiguration section */

/* Begin XCConfigurationList section */
		C6E65A40250930EC0084B095 /* Build configuration list for PBXProject "VideoRecordingSwiftUI" */ = {
			isa = XCConfigurationList;
			buildConfigurations = (
				C6E65A5A250930EE0084B095 /* Debug */,
				C6E65A5B250930EE0084B095 /* Release */,
			);
			defaultConfigurationIsVisible = 0;
			defaultConfigurationName = Release;
		};
		C6E65A5C250930EE0084B095 /* Build configuration list for PBXNativeTarget "VideoRecordingSwiftUI" */ = {
			isa = XCConfigurationList;
			buildConfigurations = (
				C6E65A5D250930EE0084B095 /* Debug */,
				C6E65A5E250930EE0084B095 /* Release */,
			);
			defaultConfigurationIsVisible = 0;
			defaultConfigurationName = Release;
		};
/* End XCConfigurationList section */

/* Begin XCVersionGroup section */
		C6E65A4C250930EC0084B095 /* VideoRecordingSwiftUI.xcdatamodeld */ = {
			isa = XCVersionGroup;
			children = (
				C6E65A4D250930EC0084B095 /* VideoRecordingSwiftUI.xcdatamodel */,
			);
			currentVersion = C6E65A4D250930EC0084B095 /* VideoRecordingSwiftUI.xcdatamodel */;
			path = VideoRecordingSwiftUI.xcdatamodeld;
			sourceTree = "<group>";
			versionGroupType = wrapper.xcdatamodel;
		};
/* End XCVersionGroup section */
	};
	rootObject = C6E65A3D250930EC0084B095 /* Project object */;
}
